<?xml version="1.0" encoding="utf-8"?>
<Project ToolsVersion="4.0" xmlns="http://schemas.microsoft.com/developer/msbuild/2003">
  <ItemGroup>
    <Filter Include="Source Files">
      <UniqueIdentifier>{ca080f83-1f32-41cf-a426-415c5bd989d3}</UniqueIdentifier>
      <Extensions>cpp;c;cxx;def;odl;idl;hpj;bat;asm</Extensions>
    </Filter>
    <Filter Include="Header Files">
      <UniqueIdentifier>{3da16c0e-28ca-4f0b-9350-5a76c2eea4fe}</UniqueIdentifier>
      <Extensions>h;hpp;hxx;hm;inl;inc</Extensions>
    </Filter>
    <Filter Include="Resource Files">
      <UniqueIdentifier>{9d41c844-f074-4c0b-86dd-ac98c8c00d3b}</UniqueIdentifier>
      <Extensions>rc;ico;cur;bmp;dlg;rc2;rct;bin;rgs;gif;jpg;jpeg;jpe</Extensions>
    </Filter>
  </ItemGroup>
  <ItemGroup>
    <ClCompile Include="Adda.cpp">
      <Filter>Source Files</Filter>
    </ClCompile>
    <ClCompile Include="assmbl.cpp">
      <Filter>Source Files</Filter>
    </ClCompile>
    <ClCompile Include="bndry.cpp">
      <Filter>Source Files</Filter>
    </ClCompile>
    <ClCompile Include="cdcl.cpp">
      <Filter>Source Files</Filter>
    </ClCompile>
    <ClCompile Include="cntrl.cpp">
      <Filter>Source Files</Filter>
    </ClCompile>
    <ClCompile Include="coeffc.cpp">
      <Filter>Source Files</Filter>
    </ClCompile>
    <ClCompile Include="custom.cpp">
      <Filter>Source Files</Filter>
    </ClCompile>
    <ClCompile Include="dsmooth.cpp">
      <Filter>Source Files</Filter>
    </ClCompile>
    <ClCompile Include="entropy.cpp">
      <Filter>Source Files</Filter>
    </ClCompile>
    <ClCompile Include="filedata.cpp">
      <Filter>Source Files</Filter>
    </ClCompile>
    <ClCompile Include="forbak.cpp">
      <Filter>Source Files</Filter>
    </ClCompile>
    <ClCompile Include="genul.cpp">
      <Filter>Source Files</Filter>
    </ClCompile>
    <ClCompile Include="initdt.cpp">
      <Filter>Source Files</Filter>
    </ClCompile>
    <ClCompile Include="ipoint.cpp">
      <Filter>Source Files</Filter>
    </ClCompile>
    <ClCompile Include="nullmx.cpp">
      <Filter>Source Files</Filter>
    </ClCompile>
    <ClCompile Include="phase.cpp">
      <Filter>Source Files</Filter>
    </ClCompile>
    <ClCompile Include="phase3.cpp">
      <Filter>Source Files</Filter>
    </ClCompile>
    <ClCompile Include="phases.cpp">
      <Filter>Source Files</Filter>
    </ClCompile>
    <ClCompile Include="shape.cpp">
      <Filter>Source Files</Filter>
    </ClCompile>
    <ClCompile Include="stiffc.cpp">
      <Filter>Source Files</Filter>
    </ClCompile>
    <ClCompile Include="stiffdc.cpp">
      <Filter>Source Files</Filter>
    </ClCompile>
    <ClCompile Include="stiffdv.cpp">
      <Filter>Source Files</Filter>
    </ClCompile>
    <ClCompile Include="stiffp.cpp">
      <Filter>Source Files</Filter>
    </ClCompile>
    <ClCompile Include="stifft.cpp">
      <Filter>Source Files</Filter>
    </ClCompile>
    <ClCompile Include="stiffu.cpp">
      <Filter>Source Files</Filter>
    </ClCompile>
    <ClCompile Include="stiffv.cpp">
      <Filter>Source Files</Filter>
    </ClCompile>
    <ClCompile Include="temporary.cpp">
      <Filter>Source Files</Filter>
    </ClCompile>
    <ClCompile Include="uvcor.cpp">
      <Filter>Source Files</Filter>
    </ClCompile>
    <ClCompile Include="PythonSetup.cpp">
      <Filter>Source Files</Filter>
    </ClCompile>
  </ItemGroup>
  <ItemGroup>
    <ClInclude Include="constInit.h">
      <Filter>Header Files</Filter>
    </ClInclude>
    <ClInclude Include="functInit.h">
      <Filter>Header Files</Filter>
    </ClInclude>
    <ClInclude Include="variaExtern.h">
      <Filter>Header Files</Filter>
    </ClInclude>
    <ClInclude Include="variaInit.h">
      <Filter>Header Files</Filter>
    </ClInclude>
    <ClInclude Include="PythonSetup.h">
      <Filter>Header Files</Filter>
    </ClInclude>
  </ItemGroup>
</Project>